
Microsoft Visual Studio Solution File, Format Version 12.00
# Visual Studio Version 17
VisualStudioVersion = 17.3.32929.385
MinimumVisualStudioVersion = 10.0.40219.1
Project("{FAE04EC0-301F-11D3-BF4B-00C04F79EFBC}") = "CollectionDemo", "CollectionDemo.csproj", "{A3808C28-4D89-44BC-B6A2-362D817695CA}"
EndProject
Global
	GlobalSection(SolutionConfigurationPlatforms) = preSolution
		Debug|Any CPU = Debug|Any CPU
		Release|Any CPU = Release|Any CPU
	EndGlobalSection
	GlobalSection(ProjectConfigurationPlatforms) = postSolution
		{A3808C28-4D89-44BC-B6A2-362D817695CA}.Debug|Any CPU.ActiveCfg = Debug|Any CPU
		{A3808C28-4D89-44BC-B6A2-362D817695CA}.Debug|Any CPU.Build.0 = Debug|Any CPU
		{A3808C28-4D89-44BC-B6A2-362D817695CA}.Release|Any CPU.ActiveCfg = Release|Any CPU
		{A3808C28-4D89-44BC-B6A2-362D817695CA}.Release|Any CPU.Build.0 = Release|Any CPU
	EndGlobalSection
	GlobalSection(SolutionProperties) = preSolution
		HideSolutionNode = FALSE
	EndGlobalSection
	GlobalSection(ExtensibilityGlobals) = postSolution
		SolutionGuid = {5BB131F9-8F5E-4C8F-8B97-C10B4771D7D7}
	EndGlobalSection
EndGlobal
